
Microsoft Visual Studio Solution File, Format Version 12.00
# Visual Studio Version 17
VisualStudioVersion = 17.9.34701.34
MinimumVisualStudioVersion = 10.0.40219.1
Project("{FAE04EC0-301F-11D3-BF4B-00C04F79EFBC}") = "mainArayuz", "mainArayuz\mainArayuz.csproj", "{0872D072-4261-47D1-AC41-DD548455D025}"
EndProject
Global
	GlobalSection(SolutionConfigurationPlatforms) = preSolution
		Debug|Any CPU = Debug|Any CPU
		Release|Any CPU = Release|Any CPU
	EndGlobalSection
	GlobalSection(ProjectConfigurationPlatforms) = postSolution
		{0872D072-4261-47D1-AC41-DD548455D025}.Debug|Any CPU.ActiveCfg = Debug|Any CPU
		{0872D072-4261-47D1-AC41-DD548455D025}.Debug|Any CPU.Build.0 = Debug|Any CPU
		{0872D072-4261-47D1-AC41-DD548455D025}.Release|Any CPU.ActiveCfg = Release|Any CPU
		{0872D072-4261-47D1-AC41-DD548455D025}.Release|Any CPU.Build.0 = Release|Any CPU
	EndGlobalSection
	GlobalSection(SolutionProperties) = preSolution
		HideSolutionNode = FALSE
	EndGlobalSection
	GlobalSection(ExtensibilityGlobals) = postSolution
		SolutionGuid = {5A0AC314-C748-4D5C-BD10-687383EAB83F}
	EndGlobalSection
EndGlobal
